
Microsoft Visual Studio Solution File, Format Version 12.00
# Visual Studio 2017
Project("{FAE04EC0-301F-11D3-BF4B-00C04F79EFBC}") = "MattFullAutoMaddy", "MattFullAutoMaddy.csproj", "{D00A5644-D2E9-3596-CDBE-5134B857E773}"
EndProject
Project("{FAE04EC0-301F-11D3-BF4B-00C04F79EFBC}") = "MattFullAutoMaddy.Editor", "MattFullAutoMaddy.Editor.csproj", "{0F5B4A18-C72B-D365-2358-17FEC5B12AF2}"
EndProject
Global
	GlobalSection(SolutionConfigurationPlatforms) = preSolution
		Debug|Any CPU = Debug|Any CPU
		Release|Any CPU = Release|Any CPU
	EndGlobalSection
	GlobalSection(ProjectConfigurationPlatforms) = postSolution
		{D00A5644-D2E9-3596-CDBE-5134B857E773}.Debug|Any CPU.ActiveCfg = Debug|Any CPU
		{D00A5644-D2E9-3596-CDBE-5134B857E773}.Debug|Any CPU.Build.0 = Debug|Any CPU
		{D00A5644-D2E9-3596-CDBE-5134B857E773}.Release|Any CPU.ActiveCfg = Release|Any CPU
		{D00A5644-D2E9-3596-CDBE-5134B857E773}.Release|Any CPU.Build.0 = Release|Any CPU
		{0F5B4A18-C72B-D365-2358-17FEC5B12AF2}.Debug|Any CPU.ActiveCfg = Debug|Any CPU
		{0F5B4A18-C72B-D365-2358-17FEC5B12AF2}.Debug|Any CPU.Build.0 = Debug|Any CPU
		{0F5B4A18-C72B-D365-2358-17FEC5B12AF2}.Release|Any CPU.ActiveCfg = Release|Any CPU
		{0F5B4A18-C72B-D365-2358-17FEC5B12AF2}.Release|Any CPU.Build.0 = Release|Any CPU
	EndGlobalSection
	GlobalSection(SolutionProperties) = preSolution
		HideSolutionNode = FALSE
	EndGlobalSection
EndGlobal
