
Microsoft Visual Studio Solution File, Format Version 11.00
# Visual Studio 2010
Project("{FAE04EC0-301F-11D3-BF4B-00C04F79EFBC}") = "MattFullAutoMaddy", "Assembly-CSharp.csproj", "{957DEEFD-B9F8-4C40-1313-CA55DD1F6244}"
EndProject
Global
	GlobalSection(SolutionConfigurationPlatforms) = preSolution
		Debug|Any CPU = Debug|Any CPU
		Release|Any CPU = Release|Any CPU
	EndGlobalSection
	GlobalSection(ProjectConfigurationPlatforms) = postSolution
		{957DEEFD-B9F8-4C40-1313-CA55DD1F6244}.Debug|Any CPU.ActiveCfg = Debug|Any CPU
		{957DEEFD-B9F8-4C40-1313-CA55DD1F6244}.Debug|Any CPU.Build.0 = Debug|Any CPU
		{957DEEFD-B9F8-4C40-1313-CA55DD1F6244}.Release|Any CPU.ActiveCfg = Release|Any CPU
		{957DEEFD-B9F8-4C40-1313-CA55DD1F6244}.Release|Any CPU.Build.0 = Release|Any CPU
	EndGlobalSection
	GlobalSection(SolutionProperties) = preSolution
		HideSolutionNode = FALSE
	EndGlobalSection
	GlobalSection(MonoDevelopProperties) = preSolution
		StartupItem = Assembly-CSharp.csproj
	EndGlobalSection
EndGlobal
